
Microsoft Visual Studio Solution File, Format Version 12.00
# Visual Studio Version 16
VisualStudioVersion = 16.0.34601.136
MinimumVisualStudioVersion = 10.0.40219.1
Project("{FAE04EC0-301F-11D3-BF4B-00C04F79EFBC}") = "mvcokul", "mvcokul\mvcokul.csproj", "{36CEEEE1-2831-48EF-8D2E-8449455DF819}"
EndProject
Global
	GlobalSection(SolutionConfigurationPlatforms) = preSolution
		Debug|Any CPU = Debug|Any CPU
		Release|Any CPU = Release|Any CPU
	EndGlobalSection
	GlobalSection(ProjectConfigurationPlatforms) = postSolution
		{36CEEEE1-2831-48EF-8D2E-8449455DF819}.Debug|Any CPU.ActiveCfg = Debug|Any CPU
		{36CEEEE1-2831-48EF-8D2E-8449455DF819}.Debug|Any CPU.Build.0 = Debug|Any CPU
		{36CEEEE1-2831-48EF-8D2E-8449455DF819}.Release|Any CPU.ActiveCfg = Release|Any CPU
		{36CEEEE1-2831-48EF-8D2E-8449455DF819}.Release|Any CPU.Build.0 = Release|Any CPU
	EndGlobalSection
	GlobalSection(SolutionProperties) = preSolution
		HideSolutionNode = FALSE
	EndGlobalSection
	GlobalSection(ExtensibilityGlobals) = postSolution
		SolutionGuid = {B3F5BC46-C859-4E94-9AE0-E2D3A29326AC}
	EndGlobalSection
EndGlobal
